{
  "requires": true,
  "lockfileVersion": 1,
  "dependencies": {
    "js-tokens": {
      "version": "4.0.0",
      "resolved": "https://registry.npmjs.org/js-tokens/-/js-tokens-4.0.0.tgz",
      "integrity": "sha512-RdJUflcE3cUzKiMqQgsCu06FPu9UdIJO0beYbPhHN4k6apgJtifcoCtT9bcxOpYBtpD2kCM6Sbzg4CausW/PKQ=="
    },
    "loose-envify": {
      "version": "1.4.0",
      "resolved": "https://registry.npmjs.org/loose-envify/-/loose-envify-1.4.0.tgz",
      "integrity": "sha512-lyuxPGr/Wfhrlem2CL/UcnUc1zcqKAImBDzukY7Y5F/yQiNdko6+fRLevlw1HgMySw7f611UIY408EtxRSoK3Q==",
      "requires": {
        "js-tokens": "^3.0.0 || ^4.0.0"
      }
    },
    "object-assign": {
      "version": "4.1.1",
      "resolved": "https://registry.npmjs.org/object-assign/-/object-assign-4.1.1.tgz",
      "integrity": "sha512-rJgTQnkUnH1sFw8yT6VSU3zD3sWmu6sZhIseY8VX+GRu3P6F7Fu+JNDoXfklElbLJSnc3FUQHVe4cU5hj+BcUg=="
    },
    "prop-types": {
      "version": "15.8.1",
      "resolved": "https://registry.npmjs.org/prop-types/-/prop-types-15.8.1.tgz",
      "integrity": "sha512-oj87CgZICdulUohogVAR7AjlC0327U4el4L6eAvOqCeudMDVU0NThNaV+b9Df4dXgSP1gXMTnPdhfe/2qDH5cg==",
      "requires": {
        "loose-envify": "^1.4.0",
        "object-assign": "^4.1.1",
        "react-is": "^16.13.1"
      }
    },
    "react-is": {
      "version": "16.13.1",
      "resolved": "https://registry.npmjs.org/react-is/-/react-is-16.13.1.tgz",
      "integrity": "sha512-24e6ynE2H+OKt4kqsOvNd8kBpV65zoxbA4BVsEOB3ARVWQki/DHzaUoC5KuON/BiccDaCCTZBuOcfZs70kR8bQ=="
    },
    "react-native-material-buttons": {
      "version": "0.5.0",
      "resolved": "https://registry.npmjs.org/react-native-material-buttons/-/react-native-material-buttons-0.5.0.tgz",
      "integrity": "sha512-WRQyCG1hd4ZvTr+YdMoyKwoyt/onaFAh8DmyC8BxZ0JT1gy/hs9qTYAilbYb8C1l+okTusalyJeqoPh5GzA1pQ==",
      "requires": {
        "prop-types": "^15.5.9",
        "react-native-material-ripple": "^0.7.0"
      },
      "dependencies": {
        "react-native-material-ripple": {
          "version": "0.7.5",
          "resolved": "https://registry.npmjs.org/react-native-material-ripple/-/react-native-material-ripple-0.7.5.tgz",
          "integrity": "sha512-pHUrmxuPQMBcOssFfr+kERfAwkLhHqiP2ZTJeUsC77W9h+k2IU17T/cOb184S1jkbZP3CFJcOLd9V7RW112YGQ==",
          "requires": {
            "prop-types": "^15.5.10"
          }
        }
      }
    },
    "react-native-material-dropdown": {
      "version": "0.11.1",
      "resolved": "https://registry.npmjs.org/react-native-material-dropdown/-/react-native-material-dropdown-0.11.1.tgz",
      "integrity": "sha512-GoY3bHUzLnHM2OWM2jWeFssJCU8Uwml7z6OpVeC/RqUPhRwvPCd0UeEZKI6QU5/U8SoS6VJWdWA1Vp1WB1ze7Q==",
      "requires": {
        "prop-types": "^15.5.9",
        "react-native-material-buttons": "^0.5.0",
        "react-native-material-ripple": "^0.8.0",
        "react-native-material-textfield": "^0.12.0"
      }
    },
    "react-native-material-ripple": {
      "version": "0.8.0",
      "resolved": "https://registry.npmjs.org/react-native-material-ripple/-/react-native-material-ripple-0.8.0.tgz",
      "integrity": "sha512-ZgamZTJlrAPMg5Im8+ruK3zsSDHdPKgYA52qK7g0x/LJvzE/99M01kjmUVERqQAHxlVzOfIfVpxn9SjzNn6TEA==",
      "requires": {
        "prop-types": "^15.5.10"
      }
    },
    "react-native-material-textfield": {
      "version": "0.12.0",
      "resolved": "https://registry.npmjs.org/react-native-material-textfield/-/react-native-material-textfield-0.12.0.tgz",
      "integrity": "sha512-eB2xjsOtdrQ4KuikXeGf0CSYS4Vg9K7ii5YsWX57VvzPSVp08P8bdqTrLY6QucBR397YWlewN/n17H34kd7teA==",
      "requires": {
        "prop-types": "^15.5.9"
      }
    }
  }
}
